
Microsoft Visual Studio Solution File, Format Version 12.00
# Visual Studio 15
VisualStudioVersion = 15.0.28307.1000
MinimumVisualStudioVersion = 10.0.40219.1
Project("{FAE04EC0-301F-11D3-BF4B-00C04F79EFBC}") = "SOLIDPrinciples", "SOLIDPrinciples\SOLIDPrinciples.csproj", "{F3B11177-84C0-4F9D-9278-F1CFA4E10835}"
EndProject
Global
	GlobalSection(SolutionConfigurationPlatforms) = preSolution
		Debug|Any CPU = Debug|Any CPU
		Release|Any CPU = Release|Any CPU
	EndGlobalSection
	GlobalSection(ProjectConfigurationPlatforms) = postSolution
		{F3B11177-84C0-4F9D-9278-F1CFA4E10835}.Debug|Any CPU.ActiveCfg = Debug|Any CPU
		{F3B11177-84C0-4F9D-9278-F1CFA4E10835}.Debug|Any CPU.Build.0 = Debug|Any CPU
		{F3B11177-84C0-4F9D-9278-F1CFA4E10835}.Release|Any CPU.ActiveCfg = Release|Any CPU
		{F3B11177-84C0-4F9D-9278-F1CFA4E10835}.Release|Any CPU.Build.0 = Release|Any CPU
	EndGlobalSection
	GlobalSection(SolutionProperties) = preSolution
		HideSolutionNode = FALSE
	EndGlobalSection
	GlobalSection(ExtensibilityGlobals) = postSolution
		SolutionGuid = {B05BF1F9-F9E1-4525-9416-B595B802F677}
	EndGlobalSection
EndGlobal
