
Microsoft Visual Studio Solution File, Format Version 12.00
# Visual Studio 15
VisualStudioVersion = 15.0.28307.1000
MinimumVisualStudioVersion = 10.0.40219.1
Project("{FAE04EC0-301F-11D3-BF4B-00C04F79EFBC}") = "DatabaseConnectionInheritanceAndPolymorphism", "DatabaseConnectionInheritanceAndPolymorphism\DatabaseConnectionInheritanceAndPolymorphism.csproj", "{9DB69E08-2D46-449E-8C85-2175138334DA}"
EndProject
Global
	GlobalSection(SolutionConfigurationPlatforms) = preSolution
		Debug|Any CPU = Debug|Any CPU
		Release|Any CPU = Release|Any CPU
	EndGlobalSection
	GlobalSection(ProjectConfigurationPlatforms) = postSolution
		{9DB69E08-2D46-449E-8C85-2175138334DA}.Debug|Any CPU.ActiveCfg = Debug|Any CPU
		{9DB69E08-2D46-449E-8C85-2175138334DA}.Debug|Any CPU.Build.0 = Debug|Any CPU
		{9DB69E08-2D46-449E-8C85-2175138334DA}.Release|Any CPU.ActiveCfg = Release|Any CPU
		{9DB69E08-2D46-449E-8C85-2175138334DA}.Release|Any CPU.Build.0 = Release|Any CPU
	EndGlobalSection
	GlobalSection(SolutionProperties) = preSolution
		HideSolutionNode = FALSE
	EndGlobalSection
	GlobalSection(ExtensibilityGlobals) = postSolution
		SolutionGuid = {E9F66F5D-4E38-49EF-ABB0-CF0BAE12D675}
	EndGlobalSection
EndGlobal
