
Microsoft Visual Studio Solution File, Format Version 12.00
# Visual Studio 15
VisualStudioVersion = 15.0.28307.1500
MinimumVisualStudioVersion = 10.0.40219.1
Project("{FAE04EC0-301F-11D3-BF4B-00C04F79EFBC}") = "SOLID_Principal", "SOLID_Principal\SOLID_Principal.csproj", "{4EBCD975-2F68-4048-8118-6C8CE05FF920}"
EndProject
Global
	GlobalSection(SolutionConfigurationPlatforms) = preSolution
		Debug|Any CPU = Debug|Any CPU
		Release|Any CPU = Release|Any CPU
	EndGlobalSection
	GlobalSection(ProjectConfigurationPlatforms) = postSolution
		{4EBCD975-2F68-4048-8118-6C8CE05FF920}.Debug|Any CPU.ActiveCfg = Debug|Any CPU
		{4EBCD975-2F68-4048-8118-6C8CE05FF920}.Debug|Any CPU.Build.0 = Debug|Any CPU
		{4EBCD975-2F68-4048-8118-6C8CE05FF920}.Release|Any CPU.ActiveCfg = Release|Any CPU
		{4EBCD975-2F68-4048-8118-6C8CE05FF920}.Release|Any CPU.Build.0 = Release|Any CPU
	EndGlobalSection
	GlobalSection(SolutionProperties) = preSolution
		HideSolutionNode = FALSE
	EndGlobalSection
	GlobalSection(ExtensibilityGlobals) = postSolution
		SolutionGuid = {CEBF5EBB-CDE5-4ABE-9213-CE4520C0F288}
	EndGlobalSection
EndGlobal
